Microsoft Visual Studio Solution File, Format Version 12.00
# Visual Studio Version 17
VisualStudioVersion = 17.5.2.0
MinimumVisualStudioVersion = 10.0.40219.1
Project("{FAE04EC0-301F-11D3-BF4B-00C04F79EFBC}") = "SupermarketManagement", "SupermarketManagement\SupermarketManagement.csproj", "{9916B836-9680-25B9-495C-5782EA329010}"
EndProject
Global
	GlobalSection(SolutionConfigurationPlatforms) = preSolution
		Debug|Any CPU = Debug|Any CPU
		Release|Any CPU = Release|Any CPU
	EndGlobalSection
	GlobalSection(ProjectConfigurationPlatforms) = postSolution
		{9916B836-9680-25B9-495C-5782EA329010}.Debug|Any CPU.ActiveCfg = Debug|Any CPU
		{9916B836-9680-25B9-495C-5782EA329010}.Debug|Any CPU.Build.0 = Debug|Any CPU
		{9916B836-9680-25B9-495C-5782EA329010}.Release|Any CPU.ActiveCfg = Release|Any CPU
		{9916B836-9680-25B9-495C-5782EA329010}.Release|Any CPU.Build.0 = Release|Any CPU
	EndGlobalSection
	GlobalSection(SolutionProperties) = preSolution
		HideSolutionNode = FALSE
	EndGlobalSection
	GlobalSection(ExtensibilityGlobals) = postSolution
		SolutionGuid = {14BC1CDF-6B91-4F54-906E-68F6F91992C2}
	EndGlobalSection
EndGlobal
